
Microsoft Visual Studio Solution File, Format Version 12.00
# Visual Studio Version 17
VisualStudioVersion = 17.5.33502.453
MinimumVisualStudioVersion = 10.0.40219.1
Project("{8BC9CEB8-8B4A-11D0-8D11-00A0C91BC942}") = "031_ponter", "031_ponter.vcxproj", "{0C247423-0830-4EB1-8D93-0E403A8062D3}"
EndProject
Project("{8BC9CEB8-8B4A-11D0-8D11-00A0C91BC942}") = "031_pointer2", "031_pointer2\031_pointer2.vcxproj", "{7AAC99B3-09CC-4907-B450-309FF2D03F89}"
EndProject
Project("{8BC9CEB8-8B4A-11D0-8D11-00A0C91BC942}") = "friendclass", "friendclass\friendclass.vcxproj", "{BE8D7CC7-9DFB-4BEE-AE85-88CFA4C9507C}"
EndProject
Project("{8BC9CEB8-8B4A-11D0-8D11-00A0C91BC942}") = "friendclass2", "friendclass2\friendclass2.vcxproj", "{10BC779F-80D4-48A3-996C-A4B822578185}"
EndProject
Project("{8BC9CEB8-8B4A-11D0-8D11-00A0C91BC942}") = "friendclass3", "friendclass3\friendclass3.vcxproj", "{E515BA6F-84ED-4241-B893-5B764A68C926}"
EndProject
Global
	GlobalSection(SolutionConfigurationPlatforms) = preSolution
		Debug|x64 = Debug|x64
		Debug|x86 = Debug|x86
		Release|x64 = Release|x64
		Release|x86 = Release|x86
	EndGlobalSection
	GlobalSection(ProjectConfigurationPlatforms) = postSolution
		{0C247423-0830-4EB1-8D93-0E403A8062D3}.Debug|x64.ActiveCfg = Debug|x64
		{0C247423-0830-4EB1-8D93-0E403A8062D3}.Debug|x64.Build.0 = Debug|x64
		{0C247423-0830-4EB1-8D93-0E403A8062D3}.Debug|x86.ActiveCfg = Debug|Win32
		{0C247423-0830-4EB1-8D93-0E403A8062D3}.Debug|x86.Build.0 = Debug|Win32
		{0C247423-0830-4EB1-8D93-0E403A8062D3}.Release|x64.ActiveCfg = Release|x64
		{0C247423-0830-4EB1-8D93-0E403A8062D3}.Release|x64.Build.0 = Release|x64
		{0C247423-0830-4EB1-8D93-0E403A8062D3}.Release|x86.ActiveCfg = Release|Win32
		{0C247423-0830-4EB1-8D93-0E403A8062D3}.Release|x86.Build.0 = Release|Win32
		{7AAC99B3-09CC-4907-B450-309FF2D03F89}.Debug|x64.ActiveCfg = Debug|x64
		{7AAC99B3-09CC-4907-B450-309FF2D03F89}.Debug|x64.Build.0 = Debug|x64
		{7AAC99B3-09CC-4907-B450-309FF2D03F89}.Debug|x86.ActiveCfg = Debug|Win32
		{7AAC99B3-09CC-4907-B450-309FF2D03F89}.Debug|x86.Build.0 = Debug|Win32
		{7AAC99B3-09CC-4907-B450-309FF2D03F89}.Release|x64.ActiveCfg = Release|x64
		{7AAC99B3-09CC-4907-B450-309FF2D03F89}.Release|x64.Build.0 = Release|x64
		{7AAC99B3-09CC-4907-B450-309FF2D03F89}.Release|x86.ActiveCfg = Release|Win32
		{7AAC99B3-09CC-4907-B450-309FF2D03F89}.Release|x86.Build.0 = Release|Win32
		{BE8D7CC7-9DFB-4BEE-AE85-88CFA4C9507C}.Debug|x64.ActiveCfg = Debug|x64
		{BE8D7CC7-9DFB-4BEE-AE85-88CFA4C9507C}.Debug|x64.Build.0 = Debug|x64
		{BE8D7CC7-9DFB-4BEE-AE85-88CFA4C9507C}.Debug|x86.ActiveCfg = Debug|Win32
		{BE8D7CC7-9DFB-4BEE-AE85-88CFA4C9507C}.Debug|x86.Build.0 = Debug|Win32
		{BE8D7CC7-9DFB-4BEE-AE85-88CFA4C9507C}.Release|x64.ActiveCfg = Release|x64
		{BE8D7CC7-9DFB-4BEE-AE85-88CFA4C9507C}.Release|x64.Build.0 = Release|x64
		{BE8D7CC7-9DFB-4BEE-AE85-88CFA4C9507C}.Release|x86.ActiveCfg = Release|Win32
		{BE8D7CC7-9DFB-4BEE-AE85-88CFA4C9507C}.Release|x86.Build.0 = Release|Win32
		{10BC779F-80D4-48A3-996C-A4B822578185}.Debug|x64.ActiveCfg = Debug|x64
		{10BC779F-80D4-48A3-996C-A4B822578185}.Debug|x64.Build.0 = Debug|x64
		{10BC779F-80D4-48A3-996C-A4B822578185}.Debug|x86.ActiveCfg = Debug|Win32
		{10BC779F-80D4-48A3-996C-A4B822578185}.Debug|x86.Build.0 = Debug|Win32
		{10BC779F-80D4-48A3-996C-A4B822578185}.Release|x64.ActiveCfg = Release|x64
		{10BC779F-80D4-48A3-996C-A4B822578185}.Release|x64.Build.0 = Release|x64
		{10BC779F-80D4-48A3-996C-A4B822578185}.Release|x86.ActiveCfg = Release|Win32
		{10BC779F-80D4-48A3-996C-A4B822578185}.Release|x86.Build.0 = Release|Win32
		{E515BA6F-84ED-4241-B893-5B764A68C926}.Debug|x64.ActiveCfg = Debug|x64
		{E515BA6F-84ED-4241-B893-5B764A68C926}.Debug|x64.Build.0 = Debug|x64
		{E515BA6F-84ED-4241-B893-5B764A68C926}.Debug|x86.ActiveCfg = Debug|Win32
		{E515BA6F-84ED-4241-B893-5B764A68C926}.Debug|x86.Build.0 = Debug|Win32
		{E515BA6F-84ED-4241-B893-5B764A68C926}.Release|x64.ActiveCfg = Release|x64
		{E515BA6F-84ED-4241-B893-5B764A68C926}.Release|x64.Build.0 = Release|x64
		{E515BA6F-84ED-4241-B893-5B764A68C926}.Release|x86.ActiveCfg = Release|Win32
		{E515BA6F-84ED-4241-B893-5B764A68C926}.Release|x86.Build.0 = Release|Win32
	EndGlobalSection
	GlobalSection(SolutionProperties) = preSolution
		HideSolutionNode = FALSE
	EndGlobalSection
	GlobalSection(ExtensibilityGlobals) = postSolution
		SolutionGuid = {5A1C3781-927B-4625-ADB9-FACE633FB919}
	EndGlobalSection
EndGlobal
